// !$*UTF8*$!
{
	archiveVersion = 1;
	classes = {
	};
	objectVersion = 56;
	objects = {

/* Begin PBXBuildFile section */
		D409B7BD2970C144004CFA64 /* RoundedBorderViewModifier.swift in Sources */ = {isa = PBXBuildFile; fileRef = D409B7BC2970C144004CFA64 /* RoundedBorderViewModifier.swift */; };
		D409B7C02970C20E004CFA64 /* View+Extensions.swift in Sources */ = {isa = PBXBuildFile; fileRef = D409B7BF2970C20E004CFA64 /* View+Extensions.swift */; };
		D451DEC629709FE500486EEE /* HitRateCalcApp.swift in Sources */ = {isa = PBXBuildFile; fileRef = D451DEC529709FE500486EEE /* HitRateCalcApp.swift */; };
		D451DEC829709FE500486EEE /* ContentView.swift in Sources */ = {isa = PBXBuildFile; fileRef = D451DEC729709FE500486EEE /* ContentView.swift */; };
		D451DECA29709FE600486EEE /* Assets.xcassets in Resources */ = {isa = PBXBuildFile; fileRef = D451DEC929709FE600486EEE /* Assets.xcassets */; };
		D451DECD29709FE600486EEE /* Preview Assets.xcassets in Resources */ = {isa = PBXBuildFile; fileRef = D451DECC29709FE600486EEE /* Preview Assets.xcassets */; };
		D451DEF42970A0D300486EEE /* Trait.swift in Sources */ = {isa = PBXBuildFile; fileRef = D451DEF32970A0D300486EEE /* Trait.swift */; };
		D451DEF72970A1AF00486EEE /* HitRateCalculator.swift in Sources */ = {isa = PBXBuildFile; fileRef = D451DEF62970A1AF00486EEE /* HitRateCalculator.swift */; };
		D451DEFB2970A53C00486EEE /* TraitList.swift in Sources */ = {isa = PBXBuildFile; fileRef = D451DEFA2970A53C00486EEE /* TraitList.swift */; };
		D4BA87A72970E021009977D4 /* EditableTraitList.swift in Sources */ = {isa = PBXBuildFile; fileRef = D4BA87A62970E021009977D4 /* EditableTraitList.swift */; };
		D4BA87AA2970E083009977D4 /* HitRateDataModel.swift in Sources */ = {isa = PBXBuildFile; fileRef = D4BA87A92970E083009977D4 /* HitRateDataModel.swift */; };
		D4BA87AF2970E332009977D4 /* SettingsView.swift in Sources */ = {isa = PBXBuildFile; fileRef = D4BA87AE2970E332009977D4 /* SettingsView.swift */; };
		D4BA87B12970E5C3009977D4 /* SettingsDataModel.swift in Sources */ = {isa = PBXBuildFile; fileRef = D4BA87B02970E5C3009977D4 /* SettingsDataModel.swift */; };
		D4BA87B32970E5E6009977D4 /* AppRateManager.swift in Sources */ = {isa = PBXBuildFile; fileRef = D4BA87B22970E5E6009977D4 /* AppRateManager.swift */; };
		D4BA87C22970E799009977D4 /* HitRateDataModelTests.swift in Sources */ = {isa = PBXBuildFile; fileRef = D4BA87C12970E799009977D4 /* HitRateDataModelTests.swift */; };
		D4BA87C42970E7BC009977D4 /* XCTestCase+Extensions.swift in Sources */ = {isa = PBXBuildFile; fileRef = D4BA87C32970E7BC009977D4 /* XCTestCase+Extensions.swift */; };
		D4BA87C62970EE46009977D4 /* SettingsDataModelTests.swift in Sources */ = {isa = PBXBuildFile; fileRef = D4BA87C52970EE46009977D4 /* SettingsDataModelTests.swift */; };
		D4DD9DC729E853BA0068777A /* Vision.swift in Sources */ = {isa = PBXBuildFile; fileRef = D4DD9DC629E853BA0068777A /* Vision.swift */; };
		D4DD9DC929E854080068777A /* VisionDetailsView.swift in Sources */ = {isa = PBXBuildFile; fileRef = D4DD9DC829E854080068777A /* VisionDetailsView.swift */; };
		D4DD9DCB29E857770068777A /* ConditionalDisplayViewModifier.swift in Sources */ = {isa = PBXBuildFile; fileRef = D4DD9DCA29E857770068777A /* ConditionalDisplayViewModifier.swift */; };
		D4DD9DCD29E85E7F0068777A /* VisionDetailsDataModel.swift in Sources */ = {isa = PBXBuildFile; fileRef = D4DD9DCC29E85E7F0068777A /* VisionDetailsDataModel.swift */; };
		D4DD9DCF29E85ED20068777A /* VisionDetailState.swift in Sources */ = {isa = PBXBuildFile; fileRef = D4DD9DCE29E85ED20068777A /* VisionDetailState.swift */; };
		D4DD9DD129E85EFC0068777A /* BindIntFocusStateViewModifier.swift in Sources */ = {isa = PBXBuildFile; fileRef = D4DD9DD029E85EFC0068777A /* BindIntFocusStateViewModifier.swift */; };
		D4DD9DD329E8618B0068777A /* VisionStatsContainer.swift in Sources */ = {isa = PBXBuildFile; fileRef = D4DD9DD229E8618B0068777A /* VisionStatsContainer.swift */; };
		D4DD9DD729E868960068777A /* VisionStat.swift in Sources */ = {isa = PBXBuildFile; fileRef = D4DD9DD629E868960068777A /* VisionStat.swift */; };
		D4DD9DD929E868FF0068777A /* StatsContainerInfo.swift in Sources */ = {isa = PBXBuildFile; fileRef = D4DD9DD829E868FF0068777A /* StatsContainerInfo.swift */; };
/* End PBXBuildFile section */

/* Begin PBXContainerItemProxy section */
		D451DED329709FE600486EEE /* PBXContainerItemProxy */ = {
			isa = PBXContainerItemProxy;
			containerPortal = D451DEBA29709FE500486EEE /* Project object */;
			proxyType = 1;
			remoteGlobalIDString = D451DEC129709FE500486EEE;
			remoteInfo = HitRateCalc;
		};
/* End PBXContainerItemProxy section */

/* Begin PBXFileReference section */
		D409B7BC2970C144004CFA64 /* RoundedBorderViewModifier.swift */ = {isa = PBXFileReference; lastKnownFileType = sourcecode.swift; path = RoundedBorderViewModifier.swift; sourceTree = "<group>"; };
		D409B7BF2970C20E004CFA64 /* View+Extensions.swift */ = {isa = PBXFileReference; lastKnownFileType = sourcecode.swift; path = "View+Extensions.swift"; sourceTree = "<group>"; };
		D451DEC229709FE500486EEE /* HitRateCalc.app */ = {isa = PBXFileReference; explicitFileType = wrapper.application; includeInIndex = 0; path = HitRateCalc.app; sourceTree = BUILT_PRODUCTS_DIR; };
		D451DEC529709FE500486EEE /* HitRateCalcApp.swift */ = {isa = PBXFileReference; lastKnownFileType = sourcecode.swift; path = HitRateCalcApp.swift; sourceTree = "<group>"; };
		D451DEC729709FE500486EEE /* ContentView.swift */ = {isa = PBXFileReference; lastKnownFileType = sourcecode.swift; path = ContentView.swift; sourceTree = "<group>"; };
		D451DEC929709FE600486EEE /* Assets.xcassets */ = {isa = PBXFileReference; lastKnownFileType = folder.assetcatalog; path = Assets.xcassets; sourceTree = "<group>"; };
		D451DECC29709FE600486EEE /* Preview Assets.xcassets */ = {isa = PBXFileReference; lastKnownFileType = folder.assetcatalog; path = "Preview Assets.xcassets"; sourceTree = "<group>"; };
		D451DED229709FE600486EEE /* HitRateCalcTests.xctest */ = {isa = PBXFileReference; explicitFileType = wrapper.cfbundle; includeInIndex = 0; path = HitRateCalcTests.xctest; sourceTree = BUILT_PRODUCTS_DIR; };
		D451DEF32970A0D300486EEE /* Trait.swift */ = {isa = PBXFileReference; lastKnownFileType = sourcecode.swift; path = Trait.swift; sourceTree = "<group>"; };
		D451DEF62970A1AF00486EEE /* HitRateCalculator.swift */ = {isa = PBXFileReference; lastKnownFileType = sourcecode.swift; path = HitRateCalculator.swift; sourceTree = "<group>"; };
		D451DEFA2970A53C00486EEE /* TraitList.swift */ = {isa = PBXFileReference; lastKnownFileType = sourcecode.swift; path = TraitList.swift; sourceTree = "<group>"; };
		D4BA87A62970E021009977D4 /* EditableTraitList.swift */ = {isa = PBXFileReference; lastKnownFileType = sourcecode.swift; path = EditableTraitList.swift; sourceTree = "<group>"; };
		D4BA87A92970E083009977D4 /* HitRateDataModel.swift */ = {isa = PBXFileReference; lastKnownFileType = sourcecode.swift; path = HitRateDataModel.swift; sourceTree = "<group>"; };
		D4BA87AE2970E332009977D4 /* SettingsView.swift */ = {isa = PBXFileReference; lastKnownFileType = sourcecode.swift; path = SettingsView.swift; sourceTree = "<group>"; };
		D4BA87B02970E5C3009977D4 /* SettingsDataModel.swift */ = {isa = PBXFileReference; lastKnownFileType = sourcecode.swift; path = SettingsDataModel.swift; sourceTree = "<group>"; };
		D4BA87B22970E5E6009977D4 /* AppRateManager.swift */ = {isa = PBXFileReference; lastKnownFileType = sourcecode.swift; path = AppRateManager.swift; sourceTree = "<group>"; };
		D4BA87C12970E799009977D4 /* HitRateDataModelTests.swift */ = {isa = PBXFileReference; lastKnownFileType = sourcecode.swift; path = HitRateDataModelTests.swift; sourceTree = "<group>"; };
		D4BA87C32970E7BC009977D4 /* XCTestCase+Extensions.swift */ = {isa = PBXFileReference; lastKnownFileType = sourcecode.swift; path = "XCTestCase+Extensions.swift"; sourceTree = "<group>"; };
		D4BA87C52970EE46009977D4 /* SettingsDataModelTests.swift */ = {isa = PBXFileReference; lastKnownFileType = sourcecode.swift; path = SettingsDataModelTests.swift; sourceTree = "<group>"; };
		D4DD9DC629E853BA0068777A /* Vision.swift */ = {isa = PBXFileReference; lastKnownFileType = sourcecode.swift; path = Vision.swift; sourceTree = "<group>"; };
		D4DD9DC829E854080068777A /* VisionDetailsView.swift */ = {isa = PBXFileReference; lastKnownFileType = sourcecode.swift; path = VisionDetailsView.swift; sourceTree = "<group>"; };
		D4DD9DCA29E857770068777A /* ConditionalDisplayViewModifier.swift */ = {isa = PBXFileReference; lastKnownFileType = sourcecode.swift; path = ConditionalDisplayViewModifier.swift; sourceTree = "<group>"; };
		D4DD9DCC29E85E7F0068777A /* VisionDetailsDataModel.swift */ = {isa = PBXFileReference; lastKnownFileType = sourcecode.swift; path = VisionDetailsDataModel.swift; sourceTree = "<group>"; };
		D4DD9DCE29E85ED20068777A /* VisionDetailState.swift */ = {isa = PBXFileReference; lastKnownFileType = sourcecode.swift; path = VisionDetailState.swift; sourceTree = "<group>"; };
		D4DD9DD029E85EFC0068777A /* BindIntFocusStateViewModifier.swift */ = {isa = PBXFileReference; lastKnownFileType = sourcecode.swift; path = BindIntFocusStateViewModifier.swift; sourceTree = "<group>"; };
		D4DD9DD229E8618B0068777A /* VisionStatsContainer.swift */ = {isa = PBXFileReference; lastKnownFileType = sourcecode.swift; path = VisionStatsContainer.swift; sourceTree = "<group>"; };
		D4DD9DD629E868960068777A /* VisionStat.swift */ = {isa = PBXFileReference; lastKnownFileType = sourcecode.swift; path = VisionStat.swift; sourceTree = "<group>"; };
		D4DD9DD829E868FF0068777A /* StatsContainerInfo.swift */ = {isa = PBXFileReference; lastKnownFileType = sourcecode.swift; path = StatsContainerInfo.swift; sourceTree = "<group>"; };
/* End PBXFileReference section */

/* Begin PBXFrameworksBuildPhase section */
		D451DEBF29709FE500486EEE /* Frameworks */ = {
			isa = PBXFrameworksBuildPhase;
			buildActionMask = 2147483647;
			files = (
			);
			runOnlyForDeploymentPostprocessing = 0;
		};
		D451DECF29709FE600486EEE /* Frameworks */ = {
			isa = PBXFrameworksBuildPhase;
			buildActionMask = 2147483647;
			files = (
			);
			runOnlyForDeploymentPostprocessing = 0;
		};
/* End PBXFrameworksBuildPhase section */

/* Begin PBXGroup section */
		D409B7BA2970C12B004CFA64 /* Views */ = {
			isa = PBXGroup;
			children = (
				D451DEC729709FE500486EEE /* ContentView.swift */,
				D451DEFA2970A53C00486EEE /* TraitList.swift */,
				D4BA87A62970E021009977D4 /* EditableTraitList.swift */,
				D4BA87AE2970E332009977D4 /* SettingsView.swift */,
				D4DD9DC829E854080068777A /* VisionDetailsView.swift */,
				D4DD9DD229E8618B0068777A /* VisionStatsContainer.swift */,
			);
			path = Views;
			sourceTree = "<group>";
		};
		D409B7BB2970C133004CFA64 /* ViewModifiers */ = {
			isa = PBXGroup;
			children = (
				D409B7BC2970C144004CFA64 /* RoundedBorderViewModifier.swift */,
				D4DD9DCA29E857770068777A /* ConditionalDisplayViewModifier.swift */,
				D4DD9DD029E85EFC0068777A /* BindIntFocusStateViewModifier.swift */,
			);
			path = ViewModifiers;
			sourceTree = "<group>";
		};
		D409B7BE2970C205004CFA64 /* Extensions */ = {
			isa = PBXGroup;
			children = (
				D409B7BF2970C20E004CFA64 /* View+Extensions.swift */,
			);
			path = Extensions;
			sourceTree = "<group>";
		};
		D451DEB929709FE500486EEE = {
			isa = PBXGroup;
			children = (
				D451DEC429709FE500486EEE /* HitRateCalc */,
				D451DED529709FE600486EEE /* HitRateCalcTests */,
				D451DEC329709FE500486EEE /* Products */,
			);
			sourceTree = "<group>";
		};
		D451DEC329709FE500486EEE /* Products */ = {
			isa = PBXGroup;
			children = (
				D451DEC229709FE500486EEE /* HitRateCalc.app */,
				D451DED229709FE600486EEE /* HitRateCalcTests.xctest */,
			);
			name = Products;
			sourceTree = "<group>";
		};
		D451DEC429709FE500486EEE /* HitRateCalc */ = {
			isa = PBXGroup;
			children = (
				D451DEEF29709FFE00486EEE /* Main */,
				D451DEF02970A00600486EEE /* UI */,
				D4BA87A82970E074009977D4 /* DataModel */,
				D451DEF52970A18700486EEE /* Logic */,
				D451DEF22970A0C200486EEE /* Model */,
				D4DD9DD529E868660068777A /* Shared */,
				D451DEF12970A00E00486EEE /* Resources */,
				D451DECB29709FE600486EEE /* Preview Content */,
			);
			path = HitRateCalc;
			sourceTree = "<group>";
		};
		D451DECB29709FE600486EEE /* Preview Content */ = {
			isa = PBXGroup;
			children = (
				D451DECC29709FE600486EEE /* Preview Assets.xcassets */,
			);
			path = "Preview Content";
			sourceTree = "<group>";
		};
		D451DED529709FE600486EEE /* HitRateCalcTests */ = {
			isa = PBXGroup;
			children = (
				D4BA87C12970E799009977D4 /* HitRateDataModelTests.swift */,
				D4BA87C32970E7BC009977D4 /* XCTestCase+Extensions.swift */,
				D4BA87C52970EE46009977D4 /* SettingsDataModelTests.swift */,
			);
			path = HitRateCalcTests;
			sourceTree = "<group>";
		};
		D451DEEF29709FFE00486EEE /* Main */ = {
			isa = PBXGroup;
			children = (
				D451DEC529709FE500486EEE /* HitRateCalcApp.swift */,
			);
			path = Main;
			sourceTree = "<group>";
		};
		D451DEF02970A00600486EEE /* UI */ = {
			isa = PBXGroup;
			children = (
				D409B7BA2970C12B004CFA64 /* Views */,
				D409B7BB2970C133004CFA64 /* ViewModifiers */,
				D409B7BE2970C205004CFA64 /* Extensions */,
			);
			path = UI;
			sourceTree = "<group>";
		};
		D451DEF12970A00E00486EEE /* Resources */ = {
			isa = PBXGroup;
			children = (
				D451DEC929709FE600486EEE /* Assets.xcassets */,
			);
			path = Resources;
			sourceTree = "<group>";
		};
		D451DEF22970A0C200486EEE /* Model */ = {
			isa = PBXGroup;
			children = (
				D451DEF32970A0D300486EEE /* Trait.swift */,
				D4DD9DC629E853BA0068777A /* Vision.swift */,
				D4DD9DD629E868960068777A /* VisionStat.swift */,
			);
			path = Model;
			sourceTree = "<group>";
		};
		D451DEF52970A18700486EEE /* Logic */ = {
			isa = PBXGroup;
			children = (
				D451DEF62970A1AF00486EEE /* HitRateCalculator.swift */,
				D4BA87B22970E5E6009977D4 /* AppRateManager.swift */,
			);
			path = Logic;
			sourceTree = "<group>";
		};
		D4BA87A82970E074009977D4 /* DataModel */ = {
			isa = PBXGroup;
			children = (
				D4BA87A92970E083009977D4 /* HitRateDataModel.swift */,
				D4BA87B02970E5C3009977D4 /* SettingsDataModel.swift */,
				D4DD9DCC29E85E7F0068777A /* VisionDetailsDataModel.swift */,
			);
			path = DataModel;
			sourceTree = "<group>";
		};
		D4DD9DD529E868660068777A /* Shared */ = {
			isa = PBXGroup;
			children = (
				D4DD9DCE29E85ED20068777A /* VisionDetailState.swift */,
				D4DD9DD829E868FF0068777A /* StatsContainerInfo.swift */,
			);
			path = Shared;
			sourceTree = "<group>";
		};
/* End PBXGroup section */

/* Begin PBXNativeTarget section */
		D451DEC129709FE500486EEE /* HitRateCalc */ = {
			isa = PBXNativeTarget;
			buildConfigurationList = D451DEE629709FE600486EEE /* Build configuration list for PBXNativeTarget "HitRateCalc" */;
			buildPhases = (
				D451DEBE29709FE500486EEE /* Sources */,
				D451DEBF29709FE500486EEE /* Frameworks */,
				D451DEC029709FE500486EEE /* Resources */,
			);
			buildRules = (
			);
			dependencies = (
			);
			name = HitRateCalc;
			productName = HitRateCalc;
			productReference = D451DEC229709FE500486EEE /* HitRateCalc.app */;
			productType = "com.apple.product-type.application";
		};
		D451DED129709FE600486EEE /* HitRateCalcTests */ = {
			isa = PBXNativeTarget;
			buildConfigurationList = D451DEE929709FE600486EEE /* Build configuration list for PBXNativeTarget "HitRateCalcTests" */;
			buildPhases = (
				D451DECE29709FE600486EEE /* Sources */,
				D451DECF29709FE600486EEE /* Frameworks */,
				D451DED029709FE600486EEE /* Resources */,
			);
			buildRules = (
			);
			dependencies = (
				D451DED429709FE600486EEE /* PBXTargetDependency */,
			);
			name = HitRateCalcTests;
			productName = HitRateCalcTests;
			productReference = D451DED229709FE600486EEE /* HitRateCalcTests.xctest */;
			productType = "com.apple.product-type.bundle.unit-test";
		};
/* End PBXNativeTarget section */

/* Begin PBXProject section */
		D451DEBA29709FE500486EEE /* Project object */ = {
			isa = PBXProject;
			attributes = {
				BuildIndependentTargetsInParallel = 1;
				LastSwiftUpdateCheck = 1420;
				LastUpgradeCheck = 1420;
				TargetAttributes = {
					D451DEC129709FE500486EEE = {
						CreatedOnToolsVersion = 14.2;
					};
					D451DED129709FE600486EEE = {
						CreatedOnToolsVersion = 14.2;
						LastSwiftMigration = 1420;
						TestTargetID = D451DEC129709FE500486EEE;
					};
				};
			};
			buildConfigurationList = D451DEBD29709FE500486EEE /* Build configuration list for PBXProject "HitRateCalc" */;
			compatibilityVersion = "Xcode 14.0";
			developmentRegion = en;
			hasScannedForEncodings = 0;
			knownRegions = (
				en,
				Base,
			);
			mainGroup = D451DEB929709FE500486EEE;
			productRefGroup = D451DEC329709FE500486EEE /* Products */;
			projectDirPath = "";
			projectRoot = "";
			targets = (
				D451DEC129709FE500486EEE /* HitRateCalc */,
				D451DED129709FE600486EEE /* HitRateCalcTests */,
			);
		};
/* End PBXProject section */

/* Begin PBXResourcesBuildPhase section */
		D451DEC029709FE500486EEE /* Resources */ = {
			isa = PBXResourcesBuildPhase;
			buildActionMask = 2147483647;
			files = (
				D451DECD29709FE600486EEE /* Preview Assets.xcassets in Resources */,
				D451DECA29709FE600486EEE /* Assets.xcassets in Resources */,
			);
			runOnlyForDeploymentPostprocessing = 0;
		};
		D451DED029709FE600486EEE /* Resources */ = {
			isa = PBXResourcesBuildPhase;
			buildActionMask = 2147483647;
			files = (
			);
			runOnlyForDeploymentPostprocessing = 0;
		};
/* End PBXResourcesBuildPhase section */

/* Begin PBXSourcesBuildPhase section */
		D451DEBE29709FE500486EEE /* Sources */ = {
			isa = PBXSourcesBuildPhase;
			buildActionMask = 2147483647;
			files = (
				D4DD9DCD29E85E7F0068777A /* VisionDetailsDataModel.swift in Sources */,
				D451DEC829709FE500486EEE /* ContentView.swift in Sources */,
				D451DEF72970A1AF00486EEE /* HitRateCalculator.swift in Sources */,
				D4DD9DD729E868960068777A /* VisionStat.swift in Sources */,
				D451DEF42970A0D300486EEE /* Trait.swift in Sources */,
				D4DD9DD329E8618B0068777A /* VisionStatsContainer.swift in Sources */,
				D4BA87B12970E5C3009977D4 /* SettingsDataModel.swift in Sources */,
				D409B7C02970C20E004CFA64 /* View+Extensions.swift in Sources */,
				D4DD9DCF29E85ED20068777A /* VisionDetailState.swift in Sources */,
				D4DD9DC929E854080068777A /* VisionDetailsView.swift in Sources */,
				D4BA87A72970E021009977D4 /* EditableTraitList.swift in Sources */,
				D4DD9DCB29E857770068777A /* ConditionalDisplayViewModifier.swift in Sources */,
				D4BA87AF2970E332009977D4 /* SettingsView.swift in Sources */,
				D4DD9DD929E868FF0068777A /* StatsContainerInfo.swift in Sources */,
				D4DD9DD129E85EFC0068777A /* BindIntFocusStateViewModifier.swift in Sources */,
				D451DEFB2970A53C00486EEE /* TraitList.swift in Sources */,
				D451DEC629709FE500486EEE /* HitRateCalcApp.swift in Sources */,
				D409B7BD2970C144004CFA64 /* RoundedBorderViewModifier.swift in Sources */,
				D4BA87AA2970E083009977D4 /* HitRateDataModel.swift in Sources */,
				D4DD9DC729E853BA0068777A /* Vision.swift in Sources */,
				D4BA87B32970E5E6009977D4 /* AppRateManager.swift in Sources */,
			);
			runOnlyForDeploymentPostprocessing = 0;
		};
		D451DECE29709FE600486EEE /* Sources */ = {
			isa = PBXSourcesBuildPhase;
			buildActionMask = 2147483647;
			files = (
				D4BA87C62970EE46009977D4 /* SettingsDataModelTests.swift in Sources */,
				D4BA87C22970E799009977D4 /* HitRateDataModelTests.swift in Sources */,
				D4BA87C42970E7BC009977D4 /* XCTestCase+Extensions.swift in Sources */,
			);
			runOnlyForDeploymentPostprocessing = 0;
		};
/* End PBXSourcesBuildPhase section */

/* Begin PBXTargetDependency section */
		D451DED429709FE600486EEE /* PBXTargetDependency */ = {
			isa = PBXTargetDependency;
			target = D451DEC129709FE500486EEE /* HitRateCalc */;
			targetProxy = D451DED329709FE600486EEE /* PBXContainerItemProxy */;
		};
/* End PBXTargetDependency section */

/* Begin XCBuildConfiguration section */
		D451DEE429709FE600486EEE /* Debug */ = {
			isa = XCBuildConfiguration;
			buildSettings = {
				ALWAYS_SEARCH_USER_PATHS = NO;
				CLANG_ANALYZER_NONNULL = YES;
				CLANG_ANALYZER_NUMBER_OBJECT_CONVERSION = YES_AGGRESSIVE;
				CLANG_CXX_LANGUAGE_STANDARD = "gnu++20";
				CLANG_ENABLE_MODULES = YES;
				CLANG_ENABLE_OBJC_ARC = YES;
				CLANG_ENABLE_OBJC_WEAK = YES;
				CLANG_WARN_BLOCK_CAPTURE_AUTORELEASING = YES;
				CLANG_WARN_BOOL_CONVERSION = YES;
				CLANG_WARN_COMMA = YES;
				CLANG_WARN_CONSTANT_CONVERSION = YES;
				CLANG_WARN_DEPRECATED_OBJC_IMPLEMENTATIONS = YES;
				CLANG_WARN_DIRECT_OBJC_ISA_USAGE = YES_ERROR;
				CLANG_WARN_DOCUMENTATION_COMMENTS = YES;
				CLANG_WARN_EMPTY_BODY = YES;
				CLANG_WARN_ENUM_CONVERSION = YES;
				CLANG_WARN_INFINITE_RECURSION = YES;
				CLANG_WARN_INT_CONVERSION = YES;
				CLANG_WARN_NON_LITERAL_NULL_CONVERSION = YES;
				CLANG_WARN_OBJC_IMPLICIT_RETAIN_SELF = YES;
				CLANG_WARN_OBJC_LITERAL_CONVERSION = YES;
				CLANG_WARN_OBJC_ROOT_CLASS = YES_ERROR;
				CLANG_WARN_QUOTED_INCLUDE_IN_FRAMEWORK_HEADER = YES;
				CLANG_WARN_RANGE_LOOP_ANALYSIS = YES;
				CLANG_WARN_STRICT_PROTOTYPES = YES;
				CLANG_WARN_SUSPICIOUS_MOVE = YES;
				CLANG_WARN_UNGUARDED_AVAILABILITY = YES_AGGRESSIVE;
				CLANG_WARN_UNREACHABLE_CODE = YES;
				CLANG_WARN__DUPLICATE_METHOD_MATCH = YES;
				COPY_PHASE_STRIP = NO;
				DEBUG_INFORMATION_FORMAT = dwarf;
				ENABLE_STRICT_OBJC_MSGSEND = YES;
				ENABLE_TESTABILITY = YES;
				GCC_C_LANGUAGE_STANDARD = gnu11;
				GCC_DYNAMIC_NO_PIC = NO;
				GCC_NO_COMMON_BLOCKS = YES;
				GCC_OPTIMIZATION_LEVEL = 0;
				GCC_PREPROCESSOR_DEFINITIONS = (
					"DEBUG=1",
					"$(inherited)",
				);
				GCC_WARN_64_TO_32_BIT_CONVERSION = YES;
				GCC_WARN_ABOUT_RETURN_TYPE = YES_ERROR;
				GCC_WARN_UNDECLARED_SELECTOR = YES;
				GCC_WARN_UNINITIALIZED_AUTOS = YES_AGGRESSIVE;
				GCC_WARN_UNUSED_FUNCTION = YES;
				GCC_WARN_UNUSED_VARIABLE = YES;
				IPHONEOS_DEPLOYMENT_TARGET = 16.2;
				MTL_ENABLE_DEBUG_INFO = INCLUDE_SOURCE;
				MTL_FAST_MATH = YES;
				ONLY_ACTIVE_ARCH = YES;
				SDKROOT = iphoneos;
				SWIFT_ACTIVE_COMPILATION_CONDITIONS = DEBUG;
				SWIFT_OPTIMIZATION_LEVEL = "-Onone";
			};
			name = Debug;
		};
		D451DEE529709FE600486EEE /* Release */ = {
			isa = XCBuildConfiguration;
			buildSettings = {
				ALWAYS_SEARCH_USER_PATHS = NO;
				CLANG_ANALYZER_NONNULL = YES;
				CLANG_ANALYZER_NUMBER_OBJECT_CONVERSION = YES_AGGRESSIVE;
				CLANG_CXX_LANGUAGE_STANDARD = "gnu++20";
				CLANG_ENABLE_MODULES = YES;
				CLANG_ENABLE_OBJC_ARC = YES;
				CLANG_ENABLE_OBJC_WEAK = YES;
				CLANG_WARN_BLOCK_CAPTURE_AUTORELEASING = YES;
				CLANG_WARN_BOOL_CONVERSION = YES;
				CLANG_WARN_COMMA = YES;
				CLANG_WARN_CONSTANT_CONVERSION = YES;
				CLANG_WARN_DEPRECATED_OBJC_IMPLEMENTATIONS = YES;
				CLANG_WARN_DIRECT_OBJC_ISA_USAGE = YES_ERROR;
				CLANG_WARN_DOCUMENTATION_COMMENTS = YES;
				CLANG_WARN_EMPTY_BODY = YES;
				CLANG_WARN_ENUM_CONVERSION = YES;
				CLANG_WARN_INFINITE_RECURSION = YES;
				CLANG_WARN_INT_CONVERSION = YES;
				CLANG_WARN_NON_LITERAL_NULL_CONVERSION = YES;
				CLANG_WARN_OBJC_IMPLICIT_RETAIN_SELF = YES;
				CLANG_WARN_OBJC_LITERAL_CONVERSION = YES;
				CLANG_WARN_OBJC_ROOT_CLASS = YES_ERROR;
				CLANG_WARN_QUOTED_INCLUDE_IN_FRAMEWORK_HEADER = YES;
				CLANG_WARN_RANGE_LOOP_ANALYSIS = YES;
				CLANG_WARN_STRICT_PROTOTYPES = YES;
				CLANG_WARN_SUSPICIOUS_MOVE = YES;
				CLANG_WARN_UNGUARDED_AVAILABILITY = YES_AGGRESSIVE;
				CLANG_WARN_UNREACHABLE_CODE = YES;
				CLANG_WARN__DUPLICATE_METHOD_MATCH = YES;
				COPY_PHASE_STRIP = NO;
				DEBUG_INFORMATION_FORMAT = "dwarf-with-dsym";
				ENABLE_NS_ASSERTIONS = NO;
				ENABLE_STRICT_OBJC_MSGSEND = YES;
				GCC_C_LANGUAGE_STANDARD = gnu11;
				GCC_NO_COMMON_BLOCKS = YES;
				GCC_WARN_64_TO_32_BIT_CONVERSION = YES;
				GCC_WARN_ABOUT_RETURN_TYPE = YES_ERROR;
				GCC_WARN_UNDECLARED_SELECTOR = YES;
				GCC_WARN_UNINITIALIZED_AUTOS = YES_AGGRESSIVE;
				GCC_WARN_UNUSED_FUNCTION = YES;
				GCC_WARN_UNUSED_VARIABLE = YES;
				IPHONEOS_DEPLOYMENT_TARGET = 16.2;
				MTL_ENABLE_DEBUG_INFO = NO;
				MTL_FAST_MATH = YES;
				SDKROOT = iphoneos;
				SWIFT_COMPILATION_MODE = wholemodule;
				SWIFT_OPTIMIZATION_LEVEL = "-O";
				VALIDATE_PRODUCT = YES;
			};
			name = Release;
		};
		D451DEE729709FE600486EEE /* Debug */ = {
			isa = XCBuildConfiguration;
			buildSettings = {
				ASSETCATALOG_COMPILER_APPICON_NAME = AppIcon;
				ASSETCATALOG_COMPILER_GLOBAL_ACCENT_COLOR_NAME = AccentColor;
				CODE_SIGN_STYLE = Automatic;
				CURRENT_PROJECT_VERSION = 1;
				DEVELOPMENT_ASSET_PATHS = "\"HitRateCalc/Preview Content\"";
				DEVELOPMENT_TEAM = R8SJ24LQF3;
				ENABLE_PREVIEWS = YES;
				GENERATE_INFOPLIST_FILE = YES;
				INFOPLIST_KEY_CFBundleDisplayName = HitRateCalc;
				INFOPLIST_KEY_LSApplicationCategoryType = "public.app-category.reference";
				INFOPLIST_KEY_UIApplicationSceneManifest_Generation = YES;
				INFOPLIST_KEY_UIApplicationSupportsIndirectInputEvents = YES;
				INFOPLIST_KEY_UILaunchScreen_Generation = YES;
				INFOPLIST_KEY_UISupportedInterfaceOrientations = UIInterfaceOrientationPortrait;
				IPHONEOS_DEPLOYMENT_TARGET = 16.0;
				LD_RUNPATH_SEARCH_PATHS = (
					"$(inherited)",
					"@executable_path/Frameworks",
				);
				MARKETING_VERSION = 1.0;
				PRODUCT_BUNDLE_IDENTIFIER = com.nobadi.HitRateCalc;
				PRODUCT_NAME = "$(TARGET_NAME)";
				SUPPORTED_PLATFORMS = "iphoneos iphonesimulator";
				SUPPORTS_MACCATALYST = NO;
				SUPPORTS_MAC_DESIGNED_FOR_IPHONE_IPAD = NO;
				SWIFT_EMIT_LOC_STRINGS = YES;
				SWIFT_VERSION = 5.0;
				TARGETED_DEVICE_FAMILY = 1;
			};
			name = Debug;
		};
		D451DEE829709FE600486EEE /* Release */ = {
			isa = XCBuildConfiguration;
			buildSettings = {
				ASSETCATALOG_COMPILER_APPICON_NAME = AppIcon;
				ASSETCATALOG_COMPILER_GLOBAL_ACCENT_COLOR_NAME = AccentColor;
				"CODE_SIGN_IDENTITY[sdk=iphoneos*]" = "iPhone Distribution";
				CODE_SIGN_STYLE = Manual;
				CURRENT_PROJECT_VERSION = 1;
				DEVELOPMENT_ASSET_PATHS = "\"HitRateCalc/Preview Content\"";
				DEVELOPMENT_TEAM = "";
				"DEVELOPMENT_TEAM[sdk=iphoneos*]" = R8SJ24LQF3;
				ENABLE_PREVIEWS = YES;
				GENERATE_INFOPLIST_FILE = YES;
				INFOPLIST_KEY_CFBundleDisplayName = HitRateCalc;
				INFOPLIST_KEY_LSApplicationCategoryType = "public.app-category.reference";
				INFOPLIST_KEY_UIApplicationSceneManifest_Generation = YES;
				INFOPLIST_KEY_UIApplicationSupportsIndirectInputEvents = YES;
				INFOPLIST_KEY_UILaunchScreen_Generation = YES;
				INFOPLIST_KEY_UISupportedInterfaceOrientations = UIInterfaceOrientationPortrait;
				IPHONEOS_DEPLOYMENT_TARGET = 16.0;
				LD_RUNPATH_SEARCH_PATHS = (
					"$(inherited)",
					"@executable_path/Frameworks",
				);
				MARKETING_VERSION = 1.0;
				PRODUCT_BUNDLE_IDENTIFIER = com.nobadi.HitRateCalc;
				PRODUCT_NAME = "$(TARGET_NAME)";
				PROVISIONING_PROFILE_SPECIFIER = "";
				"PROVISIONING_PROFILE_SPECIFIER[sdk=iphoneos*]" = "HitRateCalc-Distribution";
				SUPPORTED_PLATFORMS = "iphoneos iphonesimulator";
				SUPPORTS_MACCATALYST = NO;
				SUPPORTS_MAC_DESIGNED_FOR_IPHONE_IPAD = NO;
				SWIFT_EMIT_LOC_STRINGS = YES;
				SWIFT_VERSION = 5.0;
				TARGETED_DEVICE_FAMILY = 1;
			};
			name = Release;
		};
		D451DEEA29709FE600486EEE /* Debug */ = {
			isa = XCBuildConfiguration;
			buildSettings = {
				ALWAYS_EMBED_SWIFT_STANDARD_LIBRARIES = YES;
				BUNDLE_LOADER = "$(TEST_HOST)";
				CLANG_ENABLE_MODULES = YES;
				CODE_SIGN_STYLE = Automatic;
				CURRENT_PROJECT_VERSION = 1;
				DEVELOPMENT_TEAM = R8SJ24LQF3;
				GENERATE_INFOPLIST_FILE = YES;
				IPHONEOS_DEPLOYMENT_TARGET = 16.2;
				LD_RUNPATH_SEARCH_PATHS = (
					"$(inherited)",
					"@executable_path/Frameworks",
					"@loader_path/Frameworks",
				);
				MARKETING_VERSION = 1.0;
				PRODUCT_BUNDLE_IDENTIFIER = com.nobadi.HitRateCalcTests;
				PRODUCT_NAME = "$(TARGET_NAME)";
				SWIFT_EMIT_LOC_STRINGS = NO;
				SWIFT_OPTIMIZATION_LEVEL = "-Onone";
				SWIFT_VERSION = 5.0;
				TARGETED_DEVICE_FAMILY = "1,2";
				TEST_HOST = "$(BUILT_PRODUCTS_DIR)/HitRateCalc.app/$(BUNDLE_EXECUTABLE_FOLDER_PATH)/HitRateCalc";
			};
			name = Debug;
		};
		D451DEEB29709FE600486EEE /* Release */ = {
			isa = XCBuildConfiguration;
			buildSettings = {
				ALWAYS_EMBED_SWIFT_STANDARD_LIBRARIES = YES;
				BUNDLE_LOADER = "$(TEST_HOST)";
				CLANG_ENABLE_MODULES = YES;
				CODE_SIGN_STYLE = Automatic;
				CURRENT_PROJECT_VERSION = 1;
				DEVELOPMENT_TEAM = R8SJ24LQF3;
				GENERATE_INFOPLIST_FILE = YES;
				IPHONEOS_DEPLOYMENT_TARGET = 16.2;
				LD_RUNPATH_SEARCH_PATHS = (
					"$(inherited)",
					"@executable_path/Frameworks",
					"@loader_path/Frameworks",
				);
				MARKETING_VERSION = 1.0;
				PRODUCT_BUNDLE_IDENTIFIER = com.nobadi.HitRateCalcTests;
				PRODUCT_NAME = "$(TARGET_NAME)";
				SWIFT_EMIT_LOC_STRINGS = NO;
				SWIFT_VERSION = 5.0;
				TARGETED_DEVICE_FAMILY = "1,2";
				TEST_HOST = "$(BUILT_PRODUCTS_DIR)/HitRateCalc.app/$(BUNDLE_EXECUTABLE_FOLDER_PATH)/HitRateCalc";
			};
			name = Release;
		};
/* End XCBuildConfiguration section */

/* Begin XCConfigurationList section */
		D451DEBD29709FE500486EEE /* Build configuration list for PBXProject "HitRateCalc" */ = {
			isa = XCConfigurationList;
			buildConfigurations = (
				D451DEE429709FE600486EEE /* Debug */,
				D451DEE529709FE600486EEE /* Release */,
			);
			defaultConfigurationIsVisible = 0;
			defaultConfigurationName = Release;
		};
		D451DEE629709FE600486EEE /* Build configuration list for PBXNativeTarget "HitRateCalc" */ = {
			isa = XCConfigurationList;
			buildConfigurations = (
				D451DEE729709FE600486EEE /* Debug */,
				D451DEE829709FE600486EEE /* Release */,
			);
			defaultConfigurationIsVisible = 0;
			defaultConfigurationName = Release;
		};
		D451DEE929709FE600486EEE /* Build configuration list for PBXNativeTarget "HitRateCalcTests" */ = {
			isa = XCConfigurationList;
			buildConfigurations = (
				D451DEEA29709FE600486EEE /* Debug */,
				D451DEEB29709FE600486EEE /* Release */,
			);
			defaultConfigurationIsVisible = 0;
			defaultConfigurationName = Release;
		};
/* End XCConfigurationList section */
	};
	rootObject = D451DEBA29709FE500486EEE /* Project object */;
}
